
Microsoft Visual Studio Solution File, Format Version 12.00
# Visual Studio 15
VisualStudioVersion = 15.0.28307.902
MinimumVisualStudioVersion = 10.0.40219.1
Project("{FAE04EC0-301F-11D3-BF4B-00C04F79EFBC}") = "MSSQLLogAnalyzer", "MSSQLLogAnalyzer\MSSQLLogAnalyzer.csproj", "{49EA8C60-538F-484A-B5DB-2E3E214CCE07}"
EndProject
Global
	GlobalSection(SolutionConfigurationPlatforms) = preSolution
		Debug|Any CPU = Debug|Any CPU
		Release|Any CPU = Release|Any CPU
	EndGlobalSection
	GlobalSection(ProjectConfigurationPlatforms) = postSolution
		{49EA8C60-538F-484A-B5DB-2E3E214CCE07}.Debug|Any CPU.ActiveCfg = Debug|Any CPU
		{49EA8C60-538F-484A-B5DB-2E3E214CCE07}.Debug|Any CPU.Build.0 = Debug|Any CPU
		{49EA8C60-538F-484A-B5DB-2E3E214CCE07}.Release|Any CPU.ActiveCfg = Release|Any CPU
		{49EA8C60-538F-484A-B5DB-2E3E214CCE07}.Release|Any CPU.Build.0 = Release|Any CPU
	EndGlobalSection
	GlobalSection(SolutionProperties) = preSolution
		HideSolutionNode = FALSE
	EndGlobalSection
	GlobalSection(ExtensibilityGlobals) = postSolution
		SolutionGuid = {06044BDC-5807-4473-8ABE-9B4186EAB0F8}
	EndGlobalSection
EndGlobal
