
Microsoft Visual Studio Solution File, Format Version 12.00
# Visual Studio Version 16
VisualStudioVersion = 16.0.30621.155
MinimumVisualStudioVersion = 10.0.40219.1
Project("{FAE04EC0-301F-11D3-BF4B-00C04F79EFBC}") = "MSSQLLogAnalyzer", "MSSQLLogAnalyzer\MSSQLLogAnalyzer.csproj", "{49EA8C60-538F-484A-B5DB-2E3E214CCE07}"
EndProject
Project("{FAE04EC0-301F-11D3-BF4B-00C04F79EFBC}") = "DBLOG", "DBLOG\DBLOG.csproj", "{86DB5A5D-C762-44D6-82CF-E6605FE63587}"
EndProject
Project("{00D1A9C2-B5F0-4AF3-8072-F6C62B433612}") = "FCLR", "FCLR\FCLR.sqlproj", "{00E43047-DCBB-4CC8-9DAE-53E6E5D6C2DF}"
EndProject
Global
	GlobalSection(SolutionConfigurationPlatforms) = preSolution
		Debug|Any CPU = Debug|Any CPU
		Release|Any CPU = Release|Any CPU
	EndGlobalSection
	GlobalSection(ProjectConfigurationPlatforms) = postSolution
		{49EA8C60-538F-484A-B5DB-2E3E214CCE07}.Debug|Any CPU.ActiveCfg = Debug|Any CPU
		{49EA8C60-538F-484A-B5DB-2E3E214CCE07}.Debug|Any CPU.Build.0 = Debug|Any CPU
		{49EA8C60-538F-484A-B5DB-2E3E214CCE07}.Release|Any CPU.ActiveCfg = Release|Any CPU
		{49EA8C60-538F-484A-B5DB-2E3E214CCE07}.Release|Any CPU.Build.0 = Release|Any CPU
		{86DB5A5D-C762-44D6-82CF-E6605FE63587}.Debug|Any CPU.ActiveCfg = Debug|Any CPU
		{86DB5A5D-C762-44D6-82CF-E6605FE63587}.Debug|Any CPU.Build.0 = Debug|Any CPU
		{86DB5A5D-C762-44D6-82CF-E6605FE63587}.Release|Any CPU.ActiveCfg = Release|Any CPU
		{86DB5A5D-C762-44D6-82CF-E6605FE63587}.Release|Any CPU.Build.0 = Release|Any CPU
		{00E43047-DCBB-4CC8-9DAE-53E6E5D6C2DF}.Debug|Any CPU.ActiveCfg = Debug|Any CPU
		{00E43047-DCBB-4CC8-9DAE-53E6E5D6C2DF}.Debug|Any CPU.Build.0 = Debug|Any CPU
		{00E43047-DCBB-4CC8-9DAE-53E6E5D6C2DF}.Debug|Any CPU.Deploy.0 = Debug|Any CPU
		{00E43047-DCBB-4CC8-9DAE-53E6E5D6C2DF}.Release|Any CPU.ActiveCfg = Release|Any CPU
		{00E43047-DCBB-4CC8-9DAE-53E6E5D6C2DF}.Release|Any CPU.Build.0 = Release|Any CPU
		{00E43047-DCBB-4CC8-9DAE-53E6E5D6C2DF}.Release|Any CPU.Deploy.0 = Release|Any CPU
	EndGlobalSection
	GlobalSection(SolutionProperties) = preSolution
		HideSolutionNode = FALSE
	EndGlobalSection
	GlobalSection(ExtensibilityGlobals) = postSolution
		SolutionGuid = {06044BDC-5807-4473-8ABE-9B4186EAB0F8}
	EndGlobalSection
EndGlobal
